
Microsoft Visual Studio Solution File, Format Version 12.00
# Visual Studio Version 17
VisualStudioVersion = 17.2.32616.157
MinimumVisualStudioVersion = 10.0.40219.1
Project("{9A19103F-16F7-4668-BE54-9A1E7A4F7556}") = "T-Store", "T-Store\T-Store.csproj", "{58C28D79-169D-4569-B7E5-933F02B7F72F}"
EndProject
Project("{00D1A9C2-B5F0-4AF3-8072-F6C62B433612}") = "T-Store.DB", "T-Store.DB\T-Store.DB.sqlproj", "{17B73570-E0A9-4541-AD51-4DD64B1811E1}"
EndProject
Project("{9A19103F-16F7-4668-BE54-9A1E7A4F7556}") = "T-Strore.Data", "T-Strore.Data\T-Strore.Data.csproj", "{C1BB3AB0-55A9-4DC3-8B72-9DB884939111}"
EndProject
Project("{FAE04EC0-301F-11D3-BF4B-00C04F79EFBC}") = "ConsoleTest", "ConsoleTest\ConsoleTest.csproj", "{079D8AD7-A5C3-4E41-889C-BA917C59DC6F}"
EndProject
Global
	GlobalSection(SolutionConfigurationPlatforms) = preSolution
		Debug|Any CPU = Debug|Any CPU
		Release|Any CPU = Release|Any CPU
	EndGlobalSection
	GlobalSection(ProjectConfigurationPlatforms) = postSolution
		{58C28D79-169D-4569-B7E5-933F02B7F72F}.Debug|Any CPU.ActiveCfg = Debug|Any CPU
		{58C28D79-169D-4569-B7E5-933F02B7F72F}.Debug|Any CPU.Build.0 = Debug|Any CPU
		{58C28D79-169D-4569-B7E5-933F02B7F72F}.Release|Any CPU.ActiveCfg = Release|Any CPU
		{58C28D79-169D-4569-B7E5-933F02B7F72F}.Release|Any CPU.Build.0 = Release|Any CPU
		{17B73570-E0A9-4541-AD51-4DD64B1811E1}.Debug|Any CPU.ActiveCfg = Debug|Any CPU
		{17B73570-E0A9-4541-AD51-4DD64B1811E1}.Debug|Any CPU.Build.0 = Debug|Any CPU
		{17B73570-E0A9-4541-AD51-4DD64B1811E1}.Debug|Any CPU.Deploy.0 = Debug|Any CPU
		{17B73570-E0A9-4541-AD51-4DD64B1811E1}.Release|Any CPU.ActiveCfg = Release|Any CPU
		{17B73570-E0A9-4541-AD51-4DD64B1811E1}.Release|Any CPU.Build.0 = Release|Any CPU
		{17B73570-E0A9-4541-AD51-4DD64B1811E1}.Release|Any CPU.Deploy.0 = Release|Any CPU
		{C1BB3AB0-55A9-4DC3-8B72-9DB884939111}.Debug|Any CPU.ActiveCfg = Debug|Any CPU
		{C1BB3AB0-55A9-4DC3-8B72-9DB884939111}.Debug|Any CPU.Build.0 = Debug|Any CPU
		{C1BB3AB0-55A9-4DC3-8B72-9DB884939111}.Release|Any CPU.ActiveCfg = Release|Any CPU
		{C1BB3AB0-55A9-4DC3-8B72-9DB884939111}.Release|Any CPU.Build.0 = Release|Any CPU
		{079D8AD7-A5C3-4E41-889C-BA917C59DC6F}.Debug|Any CPU.ActiveCfg = Debug|Any CPU
		{079D8AD7-A5C3-4E41-889C-BA917C59DC6F}.Debug|Any CPU.Build.0 = Debug|Any CPU
		{079D8AD7-A5C3-4E41-889C-BA917C59DC6F}.Release|Any CPU.ActiveCfg = Release|Any CPU
		{079D8AD7-A5C3-4E41-889C-BA917C59DC6F}.Release|Any CPU.Build.0 = Release|Any CPU
	EndGlobalSection
	GlobalSection(SolutionProperties) = preSolution
		HideSolutionNode = FALSE
	EndGlobalSection
	GlobalSection(ExtensibilityGlobals) = postSolution
		SolutionGuid = {049F9267-0E33-43BF-B6C5-E21C7FD6F81B}
	EndGlobalSection
EndGlobal
